// !$*UTF8*$!
{
	archiveVersion = 1;
	classes = {
	};
	objectVersion = 55;
	objects = {

/* Begin PBXBuildFile section */
		292507FB26FF09C400601F80 /* MovieDetails.swift in Sources */ = {isa = PBXBuildFile; fileRef = 292507FA26FF09C400601F80 /* MovieDetails.swift */; };
		292507FD26FF17F900601F80 /* LoadingView.swift in Sources */ = {isa = PBXBuildFile; fileRef = 292507FC26FF17F900601F80 /* LoadingView.swift */; };
		292507FF26FF210D00601F80 /* Color+Extensions.swift in Sources */ = {isa = PBXBuildFile; fileRef = 292507FE26FF210D00601F80 /* Color+Extensions.swift */; };
		29300FED26FDC165007ADA8E /* MovieDatabaseApp.swift in Sources */ = {isa = PBXBuildFile; fileRef = 29300FEC26FDC165007ADA8E /* MovieDatabaseApp.swift */; };
		29300FEF26FDC165007ADA8E /* MovieList.swift in Sources */ = {isa = PBXBuildFile; fileRef = 29300FEE26FDC165007ADA8E /* MovieList.swift */; };
		29300FF126FDC166007ADA8E /* Assets.xcassets in Resources */ = {isa = PBXBuildFile; fileRef = 29300FF026FDC166007ADA8E /* Assets.xcassets */; };
		29300FF426FDC166007ADA8E /* Preview Assets.xcassets in Resources */ = {isa = PBXBuildFile; fileRef = 29300FF326FDC166007ADA8E /* Preview Assets.xcassets */; };
		29300FFF26FDD2CF007ADA8E /* MovieCell.swift in Sources */ = {isa = PBXBuildFile; fileRef = 29300FFE26FDD2CF007ADA8E /* MovieCell.swift */; };
		2930100526FDD433007ADA8E /* FirstAppear.swift in Sources */ = {isa = PBXBuildFile; fileRef = 2930100426FDD433007ADA8E /* FirstAppear.swift */; };
		2930100826FDD661007ADA8E /* Alamofire in Frameworks */ = {isa = PBXBuildFile; productRef = 2930100726FDD661007ADA8E /* Alamofire */; };
		2930100B26FDD6DA007ADA8E /* ObjectMapper in Frameworks */ = {isa = PBXBuildFile; productRef = 2930100A26FDD6DA007ADA8E /* ObjectMapper */; };
		2930100E26FDD7EF007ADA8E /* Kingfisher in Frameworks */ = {isa = PBXBuildFile; productRef = 2930100D26FDD7EF007ADA8E /* Kingfisher */; };
		2930101026FDDB52007ADA8E /* WebService.swift in Sources */ = {isa = PBXBuildFile; fileRef = 2930100F26FDDB52007ADA8E /* WebService.swift */; };
		2930101226FDDBE1007ADA8E /* Movies.swift in Sources */ = {isa = PBXBuildFile; fileRef = 2930101126FDDBE1007ADA8E /* Movies.swift */; };
		2930101426FDEB56007ADA8E /* MovieListViewModel.swift in Sources */ = {isa = PBXBuildFile; fileRef = 2930101326FDEB56007ADA8E /* MovieListViewModel.swift */; };
		2930101626FDEB6A007ADA8E /* MovieDetailViewModel.swift in Sources */ = {isa = PBXBuildFile; fileRef = 2930101526FDEB6A007ADA8E /* MovieDetailViewModel.swift */; };
		2930101826FDED6B007ADA8E /* MovieDetailsView.swift in Sources */ = {isa = PBXBuildFile; fileRef = 2930101726FDED6B007ADA8E /* MovieDetailsView.swift */; };
		2930101C26FDFE4E007ADA8E /* Constants.swift in Sources */ = {isa = PBXBuildFile; fileRef = 2930101B26FDFE4E007ADA8E /* Constants.swift */; };
		2930101E26FE2987007ADA8E /* StringLiteral+Extensions.swift in Sources */ = {isa = PBXBuildFile; fileRef = 2930101D26FE2987007ADA8E /* StringLiteral+Extensions.swift */; };
		2930102026FE3088007ADA8E /* URLComponents+Extensions.swift in Sources */ = {isa = PBXBuildFile; fileRef = 2930101F26FE3088007ADA8E /* URLComponents+Extensions.swift */; };
/* End PBXBuildFile section */

/* Begin PBXFileReference section */
		292507FA26FF09C400601F80 /* MovieDetails.swift */ = {isa = PBXFileReference; lastKnownFileType = sourcecode.swift; path = MovieDetails.swift; sourceTree = "<group>"; };
		292507FC26FF17F900601F80 /* LoadingView.swift */ = {isa = PBXFileReference; lastKnownFileType = sourcecode.swift; path = LoadingView.swift; sourceTree = "<group>"; };
		292507FE26FF210D00601F80 /* Color+Extensions.swift */ = {isa = PBXFileReference; lastKnownFileType = sourcecode.swift; path = "Color+Extensions.swift"; sourceTree = "<group>"; };
		29300FE926FDC165007ADA8E /* MovieDatabase.app */ = {isa = PBXFileReference; explicitFileType = wrapper.application; includeInIndex = 0; path = MovieDatabase.app; sourceTree = BUILT_PRODUCTS_DIR; };
		29300FEC26FDC165007ADA8E /* MovieDatabaseApp.swift */ = {isa = PBXFileReference; lastKnownFileType = sourcecode.swift; path = MovieDatabaseApp.swift; sourceTree = "<group>"; };
		29300FEE26FDC165007ADA8E /* MovieList.swift */ = {isa = PBXFileReference; lastKnownFileType = sourcecode.swift; path = MovieList.swift; sourceTree = "<group>"; };
		29300FF026FDC166007ADA8E /* Assets.xcassets */ = {isa = PBXFileReference; lastKnownFileType = folder.assetcatalog; path = Assets.xcassets; sourceTree = "<group>"; };
		29300FF326FDC166007ADA8E /* Preview Assets.xcassets */ = {isa = PBXFileReference; lastKnownFileType = folder.assetcatalog; path = "Preview Assets.xcassets"; sourceTree = "<group>"; };
		29300FFE26FDD2CF007ADA8E /* MovieCell.swift */ = {isa = PBXFileReference; lastKnownFileType = sourcecode.swift; path = MovieCell.swift; sourceTree = "<group>"; };
		2930100426FDD433007ADA8E /* FirstAppear.swift */ = {isa = PBXFileReference; lastKnownFileType = sourcecode.swift; path = FirstAppear.swift; sourceTree = "<group>"; };
		2930100F26FDDB52007ADA8E /* WebService.swift */ = {isa = PBXFileReference; lastKnownFileType = sourcecode.swift; path = WebService.swift; sourceTree = "<group>"; };
		2930101126FDDBE1007ADA8E /* Movies.swift */ = {isa = PBXFileReference; lastKnownFileType = sourcecode.swift; path = Movies.swift; sourceTree = "<group>"; };
		2930101326FDEB56007ADA8E /* MovieListViewModel.swift */ = {isa = PBXFileReference; lastKnownFileType = sourcecode.swift; path = MovieListViewModel.swift; sourceTree = "<group>"; };
		2930101526FDEB6A007ADA8E /* MovieDetailViewModel.swift */ = {isa = PBXFileReference; lastKnownFileType = sourcecode.swift; path = MovieDetailViewModel.swift; sourceTree = "<group>"; };
		2930101726FDED6B007ADA8E /* MovieDetailsView.swift */ = {isa = PBXFileReference; lastKnownFileType = sourcecode.swift; path = MovieDetailsView.swift; sourceTree = "<group>"; };
		2930101B26FDFE4E007ADA8E /* Constants.swift */ = {isa = PBXFileReference; lastKnownFileType = sourcecode.swift; path = Constants.swift; sourceTree = "<group>"; };
		2930101D26FE2987007ADA8E /* StringLiteral+Extensions.swift */ = {isa = PBXFileReference; lastKnownFileType = sourcecode.swift; path = "StringLiteral+Extensions.swift"; sourceTree = "<group>"; };
		2930101F26FE3088007ADA8E /* URLComponents+Extensions.swift */ = {isa = PBXFileReference; lastKnownFileType = sourcecode.swift; path = "URLComponents+Extensions.swift"; sourceTree = "<group>"; };
/* End PBXFileReference section */

/* Begin PBXFrameworksBuildPhase section */
		29300FE626FDC165007ADA8E /* Frameworks */ = {
			isa = PBXFrameworksBuildPhase;
			buildActionMask = 2147483647;
			files = (
				2930100E26FDD7EF007ADA8E /* Kingfisher in Frameworks */,
				2930100B26FDD6DA007ADA8E /* ObjectMapper in Frameworks */,
				2930100826FDD661007ADA8E /* Alamofire in Frameworks */,
			);
			runOnlyForDeploymentPostprocessing = 0;
		};
/* End PBXFrameworksBuildPhase section */

/* Begin PBXGroup section */
		292507F626FEFA3600601F80 /* View */ = {
			isa = PBXGroup;
			children = (
				29300FEE26FDC165007ADA8E /* MovieList.swift */,
				29300FFE26FDD2CF007ADA8E /* MovieCell.swift */,
			);
			path = View;
			sourceTree = "<group>";
		};
		292507F726FEFA4100601F80 /* View */ = {
			isa = PBXGroup;
			children = (
				2930101726FDED6B007ADA8E /* MovieDetailsView.swift */,
			);
			path = View;
			sourceTree = "<group>";
		};
		292507F826FEFA5600601F80 /* ViewModel */ = {
			isa = PBXGroup;
			children = (
				2930101526FDEB6A007ADA8E /* MovieDetailViewModel.swift */,
			);
			path = ViewModel;
			sourceTree = "<group>";
		};
		292507F926FEFA6F00601F80 /* Model */ = {
			isa = PBXGroup;
			children = (
				292507FA26FF09C400601F80 /* MovieDetails.swift */,
			);
			path = Model;
			sourceTree = "<group>";
		};
		29300FE026FDC165007ADA8E = {
			isa = PBXGroup;
			children = (
				29300FEB26FDC165007ADA8E /* MovieDatabase */,
				29300FEA26FDC165007ADA8E /* Products */,
			);
			sourceTree = "<group>";
		};
		29300FEA26FDC165007ADA8E /* Products */ = {
			isa = PBXGroup;
			children = (
				29300FE926FDC165007ADA8E /* MovieDatabase.app */,
			);
			name = Products;
			sourceTree = "<group>";
		};
		29300FEB26FDC165007ADA8E /* MovieDatabase */ = {
			isa = PBXGroup;
			children = (
				2930100326FDD3C9007ADA8E /* Utilities */,
				2930100226FDD3BD007ADA8E /* NetworkLayer */,
				29300FFB26FDC8F1007ADA8E /* Modules */,
				29300FEC26FDC165007ADA8E /* MovieDatabaseApp.swift */,
				29300FF026FDC166007ADA8E /* Assets.xcassets */,
				29300FF226FDC166007ADA8E /* Preview Content */,
			);
			path = MovieDatabase;
			sourceTree = "<group>";
		};
		29300FF226FDC166007ADA8E /* Preview Content */ = {
			isa = PBXGroup;
			children = (
				29300FF326FDC166007ADA8E /* Preview Assets.xcassets */,
			);
			path = "Preview Content";
			sourceTree = "<group>";
		};
		29300FFA26FDC8EA007ADA8E /* Model */ = {
			isa = PBXGroup;
			children = (
				2930101126FDDBE1007ADA8E /* Movies.swift */,
			);
			path = Model;
			sourceTree = "<group>";
		};
		29300FFB26FDC8F1007ADA8E /* Modules */ = {
			isa = PBXGroup;
			children = (
				2930100026FDD359007ADA8E /* Movie List */,
				2930100126FDD368007ADA8E /* Move Details */,
			);
			path = Modules;
			sourceTree = "<group>";
		};
		29300FFC26FDC8F8007ADA8E /* ViewModel */ = {
			isa = PBXGroup;
			children = (
				2930101326FDEB56007ADA8E /* MovieListViewModel.swift */,
			);
			path = ViewModel;
			sourceTree = "<group>";
		};
		2930100026FDD359007ADA8E /* Movie List */ = {
			isa = PBXGroup;
			children = (
				29300FFA26FDC8EA007ADA8E /* Model */,
				292507F626FEFA3600601F80 /* View */,
				29300FFC26FDC8F8007ADA8E /* ViewModel */,
			);
			path = "Movie List";
			sourceTree = "<group>";
		};
		2930100126FDD368007ADA8E /* Move Details */ = {
			isa = PBXGroup;
			children = (
				292507F926FEFA6F00601F80 /* Model */,
				292507F726FEFA4100601F80 /* View */,
				292507F826FEFA5600601F80 /* ViewModel */,
			);
			path = "Move Details";
			sourceTree = "<group>";
		};
		2930100226FDD3BD007ADA8E /* NetworkLayer */ = {
			isa = PBXGroup;
			children = (
				2930100F26FDDB52007ADA8E /* WebService.swift */,
			);
			path = NetworkLayer;
			sourceTree = "<group>";
		};
		2930100326FDD3C9007ADA8E /* Utilities */ = {
			isa = PBXGroup;
			children = (
				2930102426FE3793007ADA8E /* Extensions */,
				2930100426FDD433007ADA8E /* FirstAppear.swift */,
				2930101B26FDFE4E007ADA8E /* Constants.swift */,
				292507FC26FF17F900601F80 /* LoadingView.swift */,
			);
			path = Utilities;
			sourceTree = "<group>";
		};
		2930102426FE3793007ADA8E /* Extensions */ = {
			isa = PBXGroup;
			children = (
				2930101D26FE2987007ADA8E /* StringLiteral+Extensions.swift */,
				2930101F26FE3088007ADA8E /* URLComponents+Extensions.swift */,
				292507FE26FF210D00601F80 /* Color+Extensions.swift */,
			);
			path = Extensions;
			sourceTree = "<group>";
		};
/* End PBXGroup section */

/* Begin PBXNativeTarget section */
		29300FE826FDC165007ADA8E /* MovieDatabase */ = {
			isa = PBXNativeTarget;
			buildConfigurationList = 29300FF726FDC166007ADA8E /* Build configuration list for PBXNativeTarget "MovieDatabase" */;
			buildPhases = (
				29300FE526FDC165007ADA8E /* Sources */,
				29300FE626FDC165007ADA8E /* Frameworks */,
				29300FE726FDC165007ADA8E /* Resources */,
			);
			buildRules = (
			);
			dependencies = (
			);
			name = MovieDatabase;
			packageProductDependencies = (
				2930100726FDD661007ADA8E /* Alamofire */,
				2930100A26FDD6DA007ADA8E /* ObjectMapper */,
				2930100D26FDD7EF007ADA8E /* Kingfisher */,
			);
			productName = MovieDatabase;
			productReference = 29300FE926FDC165007ADA8E /* MovieDatabase.app */;
			productType = "com.apple.product-type.application";
		};
/* End PBXNativeTarget section */

/* Begin PBXProject section */
		29300FE126FDC165007ADA8E /* Project object */ = {
			isa = PBXProject;
			attributes = {
				BuildIndependentTargetsInParallel = 1;
				LastSwiftUpdateCheck = 1300;
				LastUpgradeCheck = 1300;
				TargetAttributes = {
					29300FE826FDC165007ADA8E = {
						CreatedOnToolsVersion = 13.0;
					};
				};
			};
			buildConfigurationList = 29300FE426FDC165007ADA8E /* Build configuration list for PBXProject "MovieDatabase" */;
			compatibilityVersion = "Xcode 13.0";
			developmentRegion = en;
			hasScannedForEncodings = 0;
			knownRegions = (
				en,
				Base,
			);
			mainGroup = 29300FE026FDC165007ADA8E;
			packageReferences = (
				2930100626FDD660007ADA8E /* XCRemoteSwiftPackageReference "Alamofire" */,
				2930100926FDD6DA007ADA8E /* XCRemoteSwiftPackageReference "ObjectMapper" */,
				2930100C26FDD7EF007ADA8E /* XCRemoteSwiftPackageReference "Kingfisher" */,
			);
			productRefGroup = 29300FEA26FDC165007ADA8E /* Products */;
			projectDirPath = "";
			projectRoot = "";
			targets = (
				29300FE826FDC165007ADA8E /* MovieDatabase */,
			);
		};
/* End PBXProject section */

/* Begin PBXResourcesBuildPhase section */
		29300FE726FDC165007ADA8E /* Resources */ = {
			isa = PBXResourcesBuildPhase;
			buildActionMask = 2147483647;
			files = (
				29300FF426FDC166007ADA8E /* Preview Assets.xcassets in Resources */,
				29300FF126FDC166007ADA8E /* Assets.xcassets in Resources */,
			);
			runOnlyForDeploymentPostprocessing = 0;
		};
/* End PBXResourcesBuildPhase section */

/* Begin PBXSourcesBuildPhase section */
		29300FE526FDC165007ADA8E /* Sources */ = {
			isa = PBXSourcesBuildPhase;
			buildActionMask = 2147483647;
			files = (
				29300FEF26FDC165007ADA8E /* MovieList.swift in Sources */,
				2930100526FDD433007ADA8E /* FirstAppear.swift in Sources */,
				2930101226FDDBE1007ADA8E /* Movies.swift in Sources */,
				2930101426FDEB56007ADA8E /* MovieListViewModel.swift in Sources */,
				292507FB26FF09C400601F80 /* MovieDetails.swift in Sources */,
				292507FF26FF210D00601F80 /* Color+Extensions.swift in Sources */,
				292507FD26FF17F900601F80 /* LoadingView.swift in Sources */,
				2930101626FDEB6A007ADA8E /* MovieDetailViewModel.swift in Sources */,
				2930102026FE3088007ADA8E /* URLComponents+Extensions.swift in Sources */,
				2930101E26FE2987007ADA8E /* StringLiteral+Extensions.swift in Sources */,
				2930101C26FDFE4E007ADA8E /* Constants.swift in Sources */,
				29300FFF26FDD2CF007ADA8E /* MovieCell.swift in Sources */,
				2930101826FDED6B007ADA8E /* MovieDetailsView.swift in Sources */,
				2930101026FDDB52007ADA8E /* WebService.swift in Sources */,
				29300FED26FDC165007ADA8E /* MovieDatabaseApp.swift in Sources */,
			);
			runOnlyForDeploymentPostprocessing = 0;
		};
/* End PBXSourcesBuildPhase section */

/* Begin XCBuildConfiguration section */
		29300FF526FDC166007ADA8E /* Debug */ = {
			isa = XCBuildConfiguration;
			buildSettings = {
				ALWAYS_SEARCH_USER_PATHS = NO;
				CLANG_ANALYZER_NONNULL = YES;
				CLANG_ANALYZER_NUMBER_OBJECT_CONVERSION = YES_AGGRESSIVE;
				CLANG_CXX_LANGUAGE_STANDARD = "gnu++17";
				CLANG_CXX_LIBRARY = "libc++";
				CLANG_ENABLE_MODULES = YES;
				CLANG_ENABLE_OBJC_ARC = YES;
				CLANG_ENABLE_OBJC_WEAK = YES;
				CLANG_WARN_BLOCK_CAPTURE_AUTORELEASING = YES;
				CLANG_WARN_BOOL_CONVERSION = YES;
				CLANG_WARN_COMMA = YES;
				CLANG_WARN_CONSTANT_CONVERSION = YES;
				CLANG_WARN_DEPRECATED_OBJC_IMPLEMENTATIONS = YES;
				CLANG_WARN_DIRECT_OBJC_ISA_USAGE = YES_ERROR;
				CLANG_WARN_DOCUMENTATION_COMMENTS = YES;
				CLANG_WARN_EMPTY_BODY = YES;
				CLANG_WARN_ENUM_CONVERSION = YES;
				CLANG_WARN_INFINITE_RECURSION = YES;
				CLANG_WARN_INT_CONVERSION = YES;
				CLANG_WARN_NON_LITERAL_NULL_CONVERSION = YES;
				CLANG_WARN_OBJC_IMPLICIT_RETAIN_SELF = YES;
				CLANG_WARN_OBJC_LITERAL_CONVERSION = YES;
				CLANG_WARN_OBJC_ROOT_CLASS = YES_ERROR;
				CLANG_WARN_QUOTED_INCLUDE_IN_FRAMEWORK_HEADER = YES;
				CLANG_WARN_RANGE_LOOP_ANALYSIS = YES;
				CLANG_WARN_STRICT_PROTOTYPES = YES;
				CLANG_WARN_SUSPICIOUS_MOVE = YES;
				CLANG_WARN_UNGUARDED_AVAILABILITY = YES_AGGRESSIVE;
				CLANG_WARN_UNREACHABLE_CODE = YES;
				CLANG_WARN__DUPLICATE_METHOD_MATCH = YES;
				COPY_PHASE_STRIP = NO;
				DEBUG_INFORMATION_FORMAT = dwarf;
				ENABLE_STRICT_OBJC_MSGSEND = YES;
				ENABLE_TESTABILITY = YES;
				GCC_C_LANGUAGE_STANDARD = gnu11;
				GCC_DYNAMIC_NO_PIC = NO;
				GCC_NO_COMMON_BLOCKS = YES;
				GCC_OPTIMIZATION_LEVEL = 0;
				GCC_PREPROCESSOR_DEFINITIONS = (
					"DEBUG=1",
					"$(inherited)",
				);
				GCC_WARN_64_TO_32_BIT_CONVERSION = YES;
				GCC_WARN_ABOUT_RETURN_TYPE = YES_ERROR;
				GCC_WARN_UNDECLARED_SELECTOR = YES;
				GCC_WARN_UNINITIALIZED_AUTOS = YES_AGGRESSIVE;
				GCC_WARN_UNUSED_FUNCTION = YES;
				GCC_WARN_UNUSED_VARIABLE = YES;
				IPHONEOS_DEPLOYMENT_TARGET = 15.0;
				MTL_ENABLE_DEBUG_INFO = INCLUDE_SOURCE;
				MTL_FAST_MATH = YES;
				ONLY_ACTIVE_ARCH = YES;
				SDKROOT = iphoneos;
				SWIFT_ACTIVE_COMPILATION_CONDITIONS = DEBUG;
				SWIFT_OPTIMIZATION_LEVEL = "-Onone";
			};
			name = Debug;
		};
		29300FF626FDC166007ADA8E /* Release */ = {
			isa = XCBuildConfiguration;
			buildSettings = {
				ALWAYS_SEARCH_USER_PATHS = NO;
				CLANG_ANALYZER_NONNULL = YES;
				CLANG_ANALYZER_NUMBER_OBJECT_CONVERSION = YES_AGGRESSIVE;
				CLANG_CXX_LANGUAGE_STANDARD = "gnu++17";
				CLANG_CXX_LIBRARY = "libc++";
				CLANG_ENABLE_MODULES = YES;
				CLANG_ENABLE_OBJC_ARC = YES;
				CLANG_ENABLE_OBJC_WEAK = YES;
				CLANG_WARN_BLOCK_CAPTURE_AUTORELEASING = YES;
				CLANG_WARN_BOOL_CONVERSION = YES;
				CLANG_WARN_COMMA = YES;
				CLANG_WARN_CONSTANT_CONVERSION = YES;
				CLANG_WARN_DEPRECATED_OBJC_IMPLEMENTATIONS = YES;
				CLANG_WARN_DIRECT_OBJC_ISA_USAGE = YES_ERROR;
				CLANG_WARN_DOCUMENTATION_COMMENTS = YES;
				CLANG_WARN_EMPTY_BODY = YES;
				CLANG_WARN_ENUM_CONVERSION = YES;
				CLANG_WARN_INFINITE_RECURSION = YES;
				CLANG_WARN_INT_CONVERSION = YES;
				CLANG_WARN_NON_LITERAL_NULL_CONVERSION = YES;
				CLANG_WARN_OBJC_IMPLICIT_RETAIN_SELF = YES;
				CLANG_WARN_OBJC_LITERAL_CONVERSION = YES;
				CLANG_WARN_OBJC_ROOT_CLASS = YES_ERROR;
				CLANG_WARN_QUOTED_INCLUDE_IN_FRAMEWORK_HEADER = YES;
				CLANG_WARN_RANGE_LOOP_ANALYSIS = YES;
				CLANG_WARN_STRICT_PROTOTYPES = YES;
				CLANG_WARN_SUSPICIOUS_MOVE = YES;
				CLANG_WARN_UNGUARDED_AVAILABILITY = YES_AGGRESSIVE;
				CLANG_WARN_UNREACHABLE_CODE = YES;
				CLANG_WARN__DUPLICATE_METHOD_MATCH = YES;
				COPY_PHASE_STRIP = NO;
				DEBUG_INFORMATION_FORMAT = "dwarf-with-dsym";
				ENABLE_NS_ASSERTIONS = NO;
				ENABLE_STRICT_OBJC_MSGSEND = YES;
				GCC_C_LANGUAGE_STANDARD = gnu11;
				GCC_NO_COMMON_BLOCKS = YES;
				GCC_WARN_64_TO_32_BIT_CONVERSION = YES;
				GCC_WARN_ABOUT_RETURN_TYPE = YES_ERROR;
				GCC_WARN_UNDECLARED_SELECTOR = YES;
				GCC_WARN_UNINITIALIZED_AUTOS = YES_AGGRESSIVE;
				GCC_WARN_UNUSED_FUNCTION = YES;
				GCC_WARN_UNUSED_VARIABLE = YES;
				IPHONEOS_DEPLOYMENT_TARGET = 15.0;
				MTL_ENABLE_DEBUG_INFO = NO;
				MTL_FAST_MATH = YES;
				SDKROOT = iphoneos;
				SWIFT_COMPILATION_MODE = wholemodule;
				SWIFT_OPTIMIZATION_LEVEL = "-O";
				VALIDATE_PRODUCT = YES;
			};
			name = Release;
		};
		29300FF826FDC166007ADA8E /* Debug */ = {
			isa = XCBuildConfiguration;
			buildSettings = {
				ASSETCATALOG_COMPILER_APPICON_NAME = AppIcon;
				ASSETCATALOG_COMPILER_GLOBAL_ACCENT_COLOR_NAME = AccentColor;
				CODE_SIGN_STYLE = Automatic;
				CURRENT_PROJECT_VERSION = 1;
				DEVELOPMENT_ASSET_PATHS = "\"MovieDatabase/Preview Content\"";
				DEVELOPMENT_TEAM = KC4WL3J36F;
				ENABLE_PREVIEWS = YES;
				GENERATE_INFOPLIST_FILE = YES;
				INFOPLIST_KEY_UIApplicationSceneManifest_Generation = YES;
				INFOPLIST_KEY_UIApplicationSupportsIndirectInputEvents = YES;
				INFOPLIST_KEY_UILaunchScreen_Generation = YES;
				INFOPLIST_KEY_UISupportedInterfaceOrientations_iPad = "UIInterfaceOrientationPortrait UIInterfaceOrientationPortraitUpsideDown UIInterfaceOrientationLandscapeLeft UIInterfaceOrientationLandscapeRight";
				INFOPLIST_KEY_UISupportedInterfaceOrientations_iPhone = "UIInterfaceOrientationPortrait UIInterfaceOrientationLandscapeLeft UIInterfaceOrientationLandscapeRight";
				INFOPLIST_KEY_UIUserInterfaceStyle = Dark;
				IPHONEOS_DEPLOYMENT_TARGET = 15.0;
				LD_RUNPATH_SEARCH_PATHS = (
					"$(inherited)",
					"@executable_path/Frameworks",
				);
				MARKETING_VERSION = 1.0;
				PRODUCT_BUNDLE_IDENTIFIER = Nilaakash.MovieDatabase;
				PRODUCT_NAME = "$(TARGET_NAME)";
				SWIFT_EMIT_LOC_STRINGS = YES;
				SWIFT_VERSION = 5.0;
				TARGETED_DEVICE_FAMILY = "1,2";
			};
			name = Debug;
		};
		29300FF926FDC166007ADA8E /* Release */ = {
			isa = XCBuildConfiguration;
			buildSettings = {
				ASSETCATALOG_COMPILER_APPICON_NAME = AppIcon;
				ASSETCATALOG_COMPILER_GLOBAL_ACCENT_COLOR_NAME = AccentColor;
				CODE_SIGN_STYLE = Automatic;
				CURRENT_PROJECT_VERSION = 1;
				DEVELOPMENT_ASSET_PATHS = "\"MovieDatabase/Preview Content\"";
				DEVELOPMENT_TEAM = KC4WL3J36F;
				ENABLE_PREVIEWS = YES;
				GENERATE_INFOPLIST_FILE = YES;
				INFOPLIST_KEY_UIApplicationSceneManifest_Generation = YES;
				INFOPLIST_KEY_UIApplicationSupportsIndirectInputEvents = YES;
				INFOPLIST_KEY_UILaunchScreen_Generation = YES;
				INFOPLIST_KEY_UISupportedInterfaceOrientations_iPad = "UIInterfaceOrientationPortrait UIInterfaceOrientationPortraitUpsideDown UIInterfaceOrientationLandscapeLeft UIInterfaceOrientationLandscapeRight";
				INFOPLIST_KEY_UISupportedInterfaceOrientations_iPhone = "UIInterfaceOrientationPortrait UIInterfaceOrientationLandscapeLeft UIInterfaceOrientationLandscapeRight";
				INFOPLIST_KEY_UIUserInterfaceStyle = Dark;
				IPHONEOS_DEPLOYMENT_TARGET = 15.0;
				LD_RUNPATH_SEARCH_PATHS = (
					"$(inherited)",
					"@executable_path/Frameworks",
				);
				MARKETING_VERSION = 1.0;
				PRODUCT_BUNDLE_IDENTIFIER = Nilaakash.MovieDatabase;
				PRODUCT_NAME = "$(TARGET_NAME)";
				SWIFT_EMIT_LOC_STRINGS = YES;
				SWIFT_VERSION = 5.0;
				TARGETED_DEVICE_FAMILY = "1,2";
			};
			name = Release;
		};
/* End XCBuildConfiguration section */

/* Begin XCConfigurationList section */
		29300FE426FDC165007ADA8E /* Build configuration list for PBXProject "MovieDatabase" */ = {
			isa = XCConfigurationList;
			buildConfigurations = (
				29300FF526FDC166007ADA8E /* Debug */,
				29300FF626FDC166007ADA8E /* Release */,
			);
			defaultConfigurationIsVisible = 0;
			defaultConfigurationName = Release;
		};
		29300FF726FDC166007ADA8E /* Build configuration list for PBXNativeTarget "MovieDatabase" */ = {
			isa = XCConfigurationList;
			buildConfigurations = (
				29300FF826FDC166007ADA8E /* Debug */,
				29300FF926FDC166007ADA8E /* Release */,
			);
			defaultConfigurationIsVisible = 0;
			defaultConfigurationName = Release;
		};
/* End XCConfigurationList section */

/* Begin XCRemoteSwiftPackageReference section */
		2930100626FDD660007ADA8E /* XCRemoteSwiftPackageReference "Alamofire" */ = {
			isa = XCRemoteSwiftPackageReference;
			repositoryURL = "https://github.com/Alamofire/Alamofire.git";
			requirement = {
				kind = upToNextMajorVersion;
				minimumVersion = 5.4.0;
			};
		};
		2930100926FDD6DA007ADA8E /* XCRemoteSwiftPackageReference "ObjectMapper" */ = {
			isa = XCRemoteSwiftPackageReference;
			repositoryURL = "https://github.com/tristanhimmelman/ObjectMapper.git";
			requirement = {
				kind = upToNextMajorVersion;
				minimumVersion = 4.1.0;
			};
		};
		2930100C26FDD7EF007ADA8E /* XCRemoteSwiftPackageReference "Kingfisher" */ = {
			isa = XCRemoteSwiftPackageReference;
			repositoryURL = "https://github.com/onevcat/Kingfisher.git";
			requirement = {
				kind = upToNextMajorVersion;
				minimumVersion = 7.0.0;
			};
		};
/* End XCRemoteSwiftPackageReference section */

/* Begin XCSwiftPackageProductDependency section */
		2930100726FDD661007ADA8E /* Alamofire */ = {
			isa = XCSwiftPackageProductDependency;
			package = 2930100626FDD660007ADA8E /* XCRemoteSwiftPackageReference "Alamofire" */;
			productName = Alamofire;
		};
		2930100A26FDD6DA007ADA8E /* ObjectMapper */ = {
			isa = XCSwiftPackageProductDependency;
			package = 2930100926FDD6DA007ADA8E /* XCRemoteSwiftPackageReference "ObjectMapper" */;
			productName = ObjectMapper;
		};
		2930100D26FDD7EF007ADA8E /* Kingfisher */ = {
			isa = XCSwiftPackageProductDependency;
			package = 2930100C26FDD7EF007ADA8E /* XCRemoteSwiftPackageReference "Kingfisher" */;
			productName = Kingfisher;
		};
/* End XCSwiftPackageProductDependency section */
	};
	rootObject = 29300FE126FDC165007ADA8E /* Project object */;
}
